
Microsoft Visual Studio Solution File, Format Version 12.00
# Visual Studio Version 16
VisualStudioVersion = 16.0.31025.194
MinimumVisualStudioVersion = 10.0.40219.1
Project("{FAE04EC0-301F-11D3-BF4B-00C04F79EFBC}") = "LimitBreaker", "LimitBreaker\LimitBreaker.csproj", "{92C3E0AD-9502-4EA6-9455-C0F09BA032A8}"
EndProject
Global
	GlobalSection(SolutionConfigurationPlatforms) = preSolution
		Debug|Any CPU = Debug|Any CPU
		Release|Any CPU = Release|Any CPU
	EndGlobalSection
	GlobalSection(ProjectConfigurationPlatforms) = postSolution
		{92C3E0AD-9502-4EA6-9455-C0F09BA032A8}.Debug|Any CPU.ActiveCfg = Debug|Any CPU
		{92C3E0AD-9502-4EA6-9455-C0F09BA032A8}.Debug|Any CPU.Build.0 = Debug|Any CPU
		{92C3E0AD-9502-4EA6-9455-C0F09BA032A8}.Release|Any CPU.ActiveCfg = Release|Any CPU
		{92C3E0AD-9502-4EA6-9455-C0F09BA032A8}.Release|Any CPU.Build.0 = Release|Any CPU
	EndGlobalSection
	GlobalSection(SolutionProperties) = preSolution
		HideSolutionNode = FALSE
	EndGlobalSection
	GlobalSection(ExtensibilityGlobals) = postSolution
		SolutionGuid = {F03A5500-2751-4504-85F3-560C2E76A58B}
	EndGlobalSection
EndGlobal
